<?xml version="1.0" encoding="UTF-8" standalone="yes" ?>
<CodeBlocks_project_file>
	<FileVersion major="1" minor="6" />
	<Project>
		<Option title="System_obslugi_studenta" />
		<Option pch_mode="2" />
		<Option compiler="gcc" />
		<Build>
			<Target title="Debug">
				<Option output="bin/Debug/System_obslugi_studenta" prefix_auto="1" extension_auto="1" />
				<Option object_output="obj/Debug/" />
				<Option type="1" />
				<Option compiler="gcc" />
				<Compiler>
					<Add option="-g" />
				</Compiler>
			</Target>
			<Target title="Release">
				<Option output="bin/Release/System_obslugi_studenta" prefix_auto="1" extension_auto="1" />
				<Option object_output="obj/Release/" />
				<Option type="1" />
				<Option compiler="gcc" />
				<Compiler>
					<Add option="-O2" />
				</Compiler>
				<Linker>
					<Add option="-s" />
				</Linker>
			</Target>
		</Build>
		<Compiler>
			<Add option="-Wall" />
			<Add option="-fexceptions" />
		</Compiler>
		<Unit filename="Narzedzie.cpp" />
		<Unit filename="Narzedzie.h" />
		<Unit filename="Przedmiot.cpp" />
		<Unit filename="Przedmiot.h" />
		<Unit filename="Student.cpp" />
		<Unit filename="Student.h" />
		<Unit filename="Uczelnia.cpp" />
		<Unit filename="Uczelnia.h" />
		<Unit filename="Uzytkownik.cpp" />
		<Unit filename="Uzytkownik.h" />
		<Unit filename="Wykladowca.cpp" />
		<Unit filename="Wykladowca.h" />
		<Unit filename="main.cpp" />
		<Unit filename="testy_funkcjonalne/test_Dodaj_materialy_z_przedmiotow.cpp">
			<Option target="Release" />
		</Unit>
		<Unit filename="testy_funkcjonalne/test_Logowanie.cpp">
			<Option target="Release" />
		</Unit>
		<Unit filename="testy_funkcjonalne/test_Skorzystaj_z_narzedzi_dydaktycznych.cpp">
			<Option target="Release" />
		</Unit>
		<Unit filename="testy_funkcjonalne/test_Sprawdz_materialy_z_przedmiotow.cpp">
			<Option target="Release" />
		</Unit>
		<Unit filename="testy_funkcjonalne/test_Wstaw_i_Sprawdz_oceny.cpp">
			<Option target="Release" />
		</Unit>
		<Unit filename="testy_funkcjonalne/test_Zarejestruj_sie.cpp">
			<Option target="Release" />
		</Unit>
		<Unit filename="testy_integracyjne/bottom_up.cpp">
			<Option target="Release" />
		</Unit>
		<Unit filename="testy_integracyjne/top_down.cpp">
			<Option target="Release" />
		</Unit>
		<Unit filename="testy_jednostkowe/testy_Narzedzie.cpp">
			<Option target="Release" />
		</Unit>
		<Unit filename="testy_jednostkowe/testy_Przedmiot.cpp">
			<Option target="Release" />
		</Unit>
		<Unit filename="testy_jednostkowe/testy_Student.cpp">
			<Option target="Release" />
		</Unit>
		<Unit filename="testy_jednostkowe/testy_Uczelnia.cpp">
			<Option target="Release" />
		</Unit>
		<Unit filename="testy_jednostkowe/testy_Wykladowca.cpp">
			<Option target="Release" />
		</Unit>
		<Unit filename="testy_systemowe/test_main.cpp">
			<Option target="Release" />
		</Unit>
		<Extensions>
			<lib_finder disable_auto="1" />
		</Extensions>
	</Project>
</CodeBlocks_project_file>
